# This file was autogenerated by uv via the following command:
#    uv export --frozen --no-dev --format requirements-txt --no-hashes
./vendor/llm-guard
    # via bot-platform
accelerate==1.13.0
    # via
    #   fschat
    #   peft
    #   presidio-analyzer
    #   transformers
    #   unstructured-inference
aiofiles==25.1.0
    # via
    #   aiogram
    #   unstructured-client
aiogram==3.28.2
    # via bot-platform
aiohappyeyeballs==2.6.1
    # via aiohttp
aiohttp==3.13.5
    # via
    #   aiogram
    #   fschat
    #   langchain-community
aiomysql==0.2.0
    # via bot-platform
aiosignal==1.4.0
    # via aiohttp
aiosqlite==0.22.1
    # via
    #   bot-platform
    #   langgraph-checkpoint-sqlite
annotated-doc==0.0.4
    # via fastapi
annotated-types==0.7.0
    # via pydantic
anthropic==0.101.0
    # via langchain-anthropic
anyio==4.13.0
    # via
    #   anthropic
    #   httpx
    #   mcp
    #   openai
    #   sse-starlette
    #   starlette
    #   watchfiles
arabic-reshaper==3.0.1
    # via xhtml2pdf
asn1crypto==1.5.1
    # via
    #   oscrypto
    #   pyhanko
    #   pyhanko-certvalidator
assemblyai==0.64.2
    # via bot-platform
asyncpg==0.31.0
    # via langchain-postgres
attrs==26.1.0
    # via
    #   aiohttp
    #   fuzzysearch
    #   jsonlines
    #   jsonschema
    #   referencing
audioop-lts==0.2.2
    # via bot-platform
babel==2.18.0
    # via courlan
backoff==2.2.1
    # via langfuse
bc-detect-secrets==1.5.43
    # via llm-guard
bcrypt==5.0.0
    # via chromadb
beautifulsoup4==4.14.3
    # via
    #   gdown
    #   unstructured
    #   zakupki-crawler
bioc==2.1
    # via flair
blinker==1.9.0
    # via flask
blis==1.3.3
    # via thinc
boto3==1.43.6
    # via
    #   bot-platform
    #   flair
botocore==1.43.6
    # via
    #   boto3
    #   s3transfer
bracex==2.6
    # via wcmatch
build==1.5.0
    # via chromadb
catalogue==2.0.10
    # via
    #   spacy
    #   srsly
    #   thinc
certifi==2026.4.22
    # via
    #   aiogram
    #   httpcore
    #   httpx
    #   kubernetes
    #   requests
    #   trafilatura
cffi==2.0.0 ; platform_python_implementation != 'PyPy'
    # via cryptography
chardet==7.4.3
    # via bot-platform
charset-normalizer==3.4.7
    # via
    #   htmldate
    #   pdfminer-six
    #   reportlab
    #   requests
    #   trafilatura
    #   unstructured
chromadb==1.5.9
    # via
    #   bot-platform
    #   langchain-chroma
    #   rag-lib
click==8.3.3
    # via
    #   duckduckgo-search
    #   flask
    #   nltk
    #   python-oxmsg
    #   typer
    #   uvicorn
    #   wikipedia-api
cloudpathlib==0.24.0
    # via weasel
colorama==0.4.6 ; os_name == 'nt' or sys_platform == 'win32'
    # via
    #   build
    #   click
    #   pytest
    #   tqdm
    #   uvicorn
    #   wasabi
confection==1.3.3
    # via
    #   spacy
    #   thinc
    #   weasel
conllu==4.5.3
    # via flair
contourpy==1.3.3
    # via matplotlib
courlan==1.3.2
    # via trafilatura
cryptography==48.0.0
    # via
    #   google-auth
    #   msoffcrypto-tool
    #   pdfminer-six
    #   presidio-anonymizer
    #   pyhanko
    #   pyhanko-certvalidator
    #   pyjwt
    #   unstructured-client
cssselect2==0.9.0
    # via svglib
cycler==0.12.1
    # via matplotlib
cymem==2.0.13
    # via
    #   preshed
    #   spacy
    #   thinc
cython==3.2.4
    # via pyserini
dacite==1.9.2
    # via rank-llm
dataclasses-json==0.6.7
    # via langchain-community
dateparser==1.4.0
    # via htmldate
dawg-python==0.7.2
    # via pymorphy2
dawg2-python==0.9.0
    # via pymorphy3
deepagents==0.3.3
    # via bot-platform
deprecated==1.3.1
    # via
    #   flair
    #   pikepdf
distro==1.9.0
    # via
    #   anthropic
    #   openai
docopt==0.6.2
    # via
    #   bioc
    #   pymorphy2
docstring-parser==0.18.0
    # via anthropic
duckdb==1.5.2
    # via
    #   bot-platform
    #   duckdb-engine
duckdb-engine==0.17.0
    # via bot-platform
duckduckgo-search==8.1.1
    # via bot-platform
durationpy==0.10
    # via kubernetes
emoji==2.15.0
    # via unstructured
et-xmlfile==2.0.0
    # via openpyxl
eval-type-backport==0.3.1
    # via mistralai
faiss-cpu==1.13.2
    # via
    #   rag-lib
    #   rank-llm
faker==37.12.0
    # via
    #   llm-guard
    #   palimpsest
fastapi==0.120.0
    # via
    #   bot-platform
    #   fschat
    #   pyserini
filelock==3.29.0
    # via
    #   gdown
    #   huggingface-hub
    #   tldextract
    #   torch
    #   transformers
    #   unstructured
filetype==1.2.0
    # via
    #   langchain-google-genai
    #   unstructured
flair==0.15.1
    # via palimpsest
flask==3.1.3
    # via pyserini
flatbuffers==25.12.19
    # via onnxruntime
flowmark==0.6.5
    # via bot-platform
fonttools==4.62.1
    # via matplotlib
freetype-py==2.5.1
    # via rlpycairo
frozenlist==1.8.0
    # via
    #   aiohttp
    #   aiosignal
fschat==0.2.36
    # via rank-llm
fsspec==2026.4.0
    # via
    #   huggingface-hub
    #   torch
ftfy==6.3.1
    # via
    #   flair
    #   rank-llm
fuzzysearch==0.8.1
    # via llm-guard
gdown==6.0.0
    # via flair
gliner==0.2.26
    # via palimpsest
google-ai-generativelanguage==0.11.0
    # via langchain-google-genai
google-api-core==2.30.3
    # via
    #   google-ai-generativelanguage
    #   google-api-python-client
    #   google-cloud-vision
google-api-python-client==2.185.0
    # via bot-platform
google-auth==2.52.0
    # via
    #   google-ai-generativelanguage
    #   google-api-core
    #   google-api-python-client
    #   google-auth-httplib2
    #   google-cloud-vision
google-auth-httplib2==0.4.0
    # via google-api-python-client
google-cloud-vision==3.14.0
    # via unstructured
googleapis-common-protos==1.75.0
    # via
    #   google-api-core
    #   grpcio-status
    #   opentelemetry-exporter-otlp-proto-grpc
    #   opentelemetry-exporter-otlp-proto-http
greenlet==3.5.0
    # via
    #   playwright
    #   sqlalchemy
grpcio==1.80.0
    # via
    #   chromadb
    #   google-ai-generativelanguage
    #   google-api-core
    #   google-cloud-vision
    #   grpcio-status
    #   opentelemetry-exporter-otlp-proto-grpc
    #   qdrant-client
grpcio-status==1.80.0
    # via google-api-core
h11==0.16.0
    # via
    #   httpcore
    #   uvicorn
h2==4.3.0
    # via httpx
hf-xet==1.5.0 ; platform_machine == 'aarch64' or platform_machine == 'amd64' or platform_machine == 'arm64' or platform_machine == 'x86_64'
    # via huggingface-hub
hpack==4.1.0
    # via h2
html5lib==1.1
    # via
    #   unstructured
    #   xhtml2pdf
htmldate==1.9.4
    # via trafilatura
httpcore==1.0.9
    # via
    #   httpx
    #   unstructured-client
httplib2==0.31.2
    # via
    #   google-api-python-client
    #   google-auth-httplib2
httptools==0.7.1
    # via uvicorn
httpx==0.27.2
    # via
    #   anthropic
    #   assemblyai
    #   bot-platform
    #   chromadb
    #   fschat
    #   langchain-mistralai
    #   langfuse
    #   langgraph-sdk
    #   langsmith
    #   mcp
    #   mistralai
    #   openai
    #   qdrant-client
    #   unstructured-client
    #   weasel
httpx-sse==0.4.3
    # via
    #   langchain-community
    #   langchain-mistralai
    #   mcp
huggingface-hub==0.36.2
    # via
    #   accelerate
    #   flair
    #   gliner
    #   langchain-huggingface
    #   peft
    #   presidio-analyzer
    #   sentence-transformers
    #   timm
    #   tokenizers
    #   transformers
    #   unstructured-inference
hyperframe==6.1.0
    # via h2
idna==3.15
    # via
    #   anyio
    #   httpx
    #   requests
    #   tldextract
    #   yarl
importlib-metadata==8.7.1
    # via opentelemetry-api
importlib-resources==7.1.0
    # via chromadb
iniconfig==2.3.0
    # via pytest
installer==0.7.0
    # via unstructured
intervaltree==3.2.1
    # via
    #   bioc
    #   ipymarkup
ipymarkup==0.9.0
    # via natasha
itsdangerous==2.2.0
    # via flask
jinja2==3.1.6
    # via
    #   flask
    #   mpld3
    #   spacy
    #   torch
jiter==0.14.0
    # via
    #   anthropic
    #   openai
jmespath==1.1.0
    # via
    #   boto3
    #   botocore
joblib==1.5.3
    # via
    #   nltk
    #   pynndescent
    #   scikit-learn
jq==1.11.0
    # via bot-platform
json-repair==0.44.1
    # via llm-guard
jsonlines==4.0.0
    # via bioc
jsonpatch==1.33
    # via langchain-core
jsonpath-python==1.1.6
    # via mistralai
jsonpointer==3.1.1
    # via jsonpatch
jsonschema==4.26.0
    # via
    #   chromadb
    #   mcp
jsonschema-specifications==2025.9.1
    # via jsonschema
justext==3.0.2
    # via trafilatura
kiwisolver==1.5.0
    # via matplotlib
kubernetes==35.0.0
    # via chromadb
langchain==1.3.0
    # via
    #   bot-platform
    #   deepagents
    #   rag-lib
    #   yandex-chain
langchain-anthropic==1.4.3
    # via deepagents
langchain-chroma==1.1.0
    # via
    #   bot-platform
    #   rag-lib
langchain-classic==1.0.7
    # via langchain-community
langchain-community==0.4.1
    # via
    #   bot-platform
    #   rag-lib
langchain-core==1.4.0
    # via
    #   bot-platform
    #   deepagents
    #   langchain
    #   langchain-anthropic
    #   langchain-chroma
    #   langchain-classic
    #   langchain-community
    #   langchain-google-genai
    #   langchain-huggingface
    #   langchain-mcp-adapters
    #   langchain-mistralai
    #   langchain-openai
    #   langchain-postgres
    #   langchain-qdrant
    #   langchain-text-splitters
    #   langgraph
    #   langgraph-checkpoint
    #   langgraph-prebuilt
    #   langgraph-supervisor
    #   rag-lib
langchain-google-genai==3.2.0
    # via deepagents
langchain-huggingface==1.2.2
    # via
    #   bot-platform
    #   rag-lib
langchain-mcp-adapters==0.2.2
    # via bot-platform
langchain-mistralai==1.1.4
    # via
    #   bot-platform
    #   rag-lib
langchain-openai==1.2.1
    # via
    #   bot-platform
    #   rag-lib
langchain-postgres==0.0.17
    # via rag-lib
langchain-protocol==0.0.15
    # via langchain-core
langchain-qdrant==1.1.0
    # via rag-lib
langchain-text-splitters==1.1.2
    # via
    #   bot-platform
    #   langchain-classic
langdetect==1.0.9
    # via
    #   flair
    #   rag-lib
    #   unstructured
langfuse==3.8.1
    # via bot-platform
langgraph==1.2.0
    # via
    #   bot-platform
    #   langchain
    #   langgraph-supervisor
langgraph-checkpoint==4.1.0
    # via
    #   langgraph
    #   langgraph-checkpoint-postgres
    #   langgraph-checkpoint-sqlite
    #   langgraph-prebuilt
langgraph-checkpoint-postgres==3.1.0
    # via bot-platform
langgraph-checkpoint-sqlite==3.1.0
    # via bot-platform
langgraph-prebuilt==1.1.0
    # via langgraph
langgraph-sdk==0.3.14
    # via langgraph
langgraph-supervisor==0.0.31
    # via bot-platform
langsmith==0.8.3
    # via
    #   langchain-classic
    #   langchain-community
    #   langchain-core
latex2mathml==3.81.0
    # via markdown2
llvmlite==0.47.0
    # via
    #   numba
    #   pynndescent
lxml==6.1.0
    # via
    #   bioc
    #   duckduckgo-search
    #   flair
    #   htmldate
    #   justext
    #   lxml-html-clean
    #   pikepdf
    #   pyhanko
    #   python-docx
    #   python-pptx
    #   rag-lib
    #   svglib
    #   trafilatura
    #   unstructured
lxml-html-clean==0.4.4
    # via lxml
magic-filter==1.0.12
    # via aiogram
markdown==3.10.2
    # via unstructured
markdown-it-py==4.2.0
    # via rich
markdown2==2.5.5
    # via fschat
marko==2.2.2
    # via flowmark
markupsafe==3.0.3
    # via
    #   flask
    #   jinja2
    #   werkzeug
marshmallow==3.26.2
    # via dataclasses-json
matplotlib==3.10.9
    # via
    #   bot-platform
    #   flair
    #   mpld3
    #   unstructured-inference
mcp==1.27.1
    # via
    #   langchain-mcp-adapters
    #   pyserini
mdurl==0.1.2
    # via markdown-it-py
mistletoe==1.4.0
    # via telegramify-markdown
mistralai==1.5.2
    # via rag-lib
ml-dtypes==0.5.4
    # via onnx
mmh3==5.2.1
    # via chromadb
more-itertools==11.0.2
    # via
    #   flair
    #   openai-whisper
mpld3==0.5.12
    # via flair
mpmath==1.3.0
    # via sympy
msoffcrypto-tool==6.0.0
    # via unstructured
multidict==6.7.1
    # via
    #   aiohttp
    #   yarl
murmurhash==1.0.15
    # via
    #   preshed
    #   spacy
    #   thinc
mypy-extensions==1.1.0
    # via typing-inspect
natasha==1.6.0
    # via
    #   bot-platform
    #   palimpsest
navec==0.10.0
    # via
    #   natasha
    #   slovnet
networkx==3.6.1
    # via
    #   pymupdf-layout
    #   rag-lib
    #   torch
    #   unstructured
nh3==0.3.5
    # via fschat
nltk==3.9.4
    # via
    #   bot-platform
    #   llm-guard
    #   palimpsest
    #   rag-lib
numba==0.65.1
    # via
    #   openai-whisper
    #   pynndescent
    #   umap-learn
    #   unstructured
numpy==2.3.4
    # via
    #   accelerate
    #   blis
    #   bot-platform
    #   chromadb
    #   contourpy
    #   faiss-cpu
    #   fschat
    #   langchain-chroma
    #   langchain-community
    #   langchain-postgres
    #   matplotlib
    #   ml-dtypes
    #   navec
    #   numba
    #   onnx
    #   onnxruntime
    #   openai-whisper
    #   opencv-python
    #   pandas
    #   peft
    #   pgvector
    #   pymupdf-layout
    #   pyserini
    #   pytorch-revgrad
    #   qdrant-client
    #   rag-lib
    #   rank-bm25
    #   scikit-learn
    #   scipy
    #   sentence-transformers
    #   slovnet
    #   spacy
    #   thinc
    #   torchvision
    #   transformers
    #   umap-learn
    #   unstructured
    #   unstructured-inference
nvidia-cublas-cu12==12.8.4.1 ; platform_machine == 'x86_64' and sys_platform == 'linux'
    # via
    #   nvidia-cudnn-cu12
    #   nvidia-cusolver-cu12
    #   torch
nvidia-cuda-cupti-cu12==12.8.90 ; platform_machine == 'x86_64' and sys_platform == 'linux'
    # via torch
nvidia-cuda-nvrtc-cu12==12.8.93 ; platform_machine == 'x86_64' and sys_platform == 'linux'
    # via torch
nvidia-cuda-runtime-cu12==12.8.90 ; platform_machine == 'x86_64' and sys_platform == 'linux'
    # via torch
nvidia-cudnn-cu12==9.10.2.21 ; platform_machine == 'x86_64' and sys_platform == 'linux'
    # via torch
nvidia-cufft-cu12==11.3.3.83 ; platform_machine == 'x86_64' and sys_platform == 'linux'
    # via torch
nvidia-cufile-cu12==1.13.1.3 ; platform_machine == 'x86_64' and sys_platform == 'linux'
    # via torch
nvidia-curand-cu12==10.3.9.90 ; platform_machine == 'x86_64' and sys_platform == 'linux'
    # via torch
nvidia-cusolver-cu12==11.7.3.90 ; platform_machine == 'x86_64' and sys_platform == 'linux'
    # via torch
nvidia-cusparse-cu12==12.5.8.93 ; platform_machine == 'x86_64' and sys_platform == 'linux'
    # via
    #   nvidia-cusolver-cu12
    #   torch
nvidia-cusparselt-cu12==0.7.1 ; platform_machine == 'x86_64' and sys_platform == 'linux'
    # via torch
nvidia-nccl-cu12==2.27.5 ; platform_machine == 'x86_64' and sys_platform == 'linux'
    # via torch
nvidia-nvjitlink-cu12==12.8.93 ; platform_machine == 'x86_64' and sys_platform == 'linux'
    # via
    #   nvidia-cufft-cu12
    #   nvidia-cusolver-cu12
    #   nvidia-cusparse-cu12
    #   torch
nvidia-nvshmem-cu12==3.3.20 ; platform_machine == 'x86_64' and sys_platform == 'linux'
    # via torch
nvidia-nvtx-cu12==12.8.90 ; platform_machine == 'x86_64' and sys_platform == 'linux'
    # via torch
oauthlib==3.3.1
    # via requests-oauthlib
olefile==0.47
    # via
    #   msoffcrypto-tool
    #   python-oxmsg
    #   rag-lib
onnx==1.21.0
    # via unstructured-inference
onnxruntime==1.26.0
    # via
    #   chromadb
    #   gliner
    #   pymupdf-layout
    #   pyserini
    #   unstructured-inference
openai==2.36.0
    # via
    #   langchain-openai
    #   langfuse
    #   pyserini
    #   rank-llm
openai-whisper==20250625
    # via bot-platform
opencv-python==4.13.0.92
    # via unstructured-inference
openpyxl==3.1.5
    # via
    #   bot-platform
    #   rag-lib
    #   unstructured
opentelemetry-api==1.41.1
    # via
    #   chromadb
    #   langfuse
    #   opentelemetry-exporter-otlp-proto-grpc
    #   opentelemetry-exporter-otlp-proto-http
    #   opentelemetry-sdk
    #   opentelemetry-semantic-conventions
opentelemetry-exporter-otlp-proto-common==1.41.1
    # via
    #   opentelemetry-exporter-otlp-proto-grpc
    #   opentelemetry-exporter-otlp-proto-http
opentelemetry-exporter-otlp-proto-grpc==1.41.1
    # via chromadb
opentelemetry-exporter-otlp-proto-http==1.41.1
    # via langfuse
opentelemetry-proto==1.41.1
    # via
    #   opentelemetry-exporter-otlp-proto-common
    #   opentelemetry-exporter-otlp-proto-grpc
    #   opentelemetry-exporter-otlp-proto-http
opentelemetry-sdk==1.41.1
    # via
    #   chromadb
    #   langfuse
    #   opentelemetry-exporter-otlp-proto-grpc
    #   opentelemetry-exporter-otlp-proto-http
opentelemetry-semantic-conventions==0.62b1
    # via opentelemetry-sdk
orjson==3.11.9
    # via
    #   chromadb
    #   langgraph-checkpoint-postgres
    #   langgraph-sdk
    #   langsmith
ormsgpack==1.12.2
    # via langgraph-checkpoint
oscrypto==1.3.0
    # via pyhanko-certvalidator
overrides==7.7.0
    # via chromadb
packaging==25.0
    # via
    #   accelerate
    #   build
    #   duckdb-engine
    #   faiss-cpu
    #   huggingface-hub
    #   langchain-core
    #   langfuse
    #   langsmith
    #   marshmallow
    #   matplotlib
    #   onnxruntime
    #   peft
    #   pikepdf
    #   pytest
    #   spacy
    #   thinc
    #   transformers
    #   unstructured-pytesseract
    #   weasel
palimpsest @ git+https://github.com/gbvolkov/PalimpsestLib.git@3a6c3e3beb1eb595b12bfa43db9c8897e5997944
    # via bot-platform
pandas==2.3.3
    # via
    #   bot-platform
    #   pyserini
    #   rag-lib
    #   unstructured
    #   unstructured-inference
pathspec==1.1.1
    # via flowmark
pdf2image==1.17.0
    # via unstructured
pdfminer-six==20260107
    # via
    #   unstructured
    #   unstructured-inference
peft==0.19.1
    # via fschat
petrovna==1.0.2
    # via palimpsest
pgvector==0.3.6
    # via langchain-postgres
phonenumbers==9.0.30
    # via presidio-analyzer
pi-heif==1.3.0
    # via unstructured
pikepdf==10.5.1
    # via unstructured
pillow==12.2.0
    # via
    #   matplotlib
    #   pdf2image
    #   pi-heif
    #   pikepdf
    #   pyserini
    #   python-pptx
    #   rag-lib
    #   reportlab
    #   torchvision
    #   unstructured-pytesseract
    #   xhtml2pdf
pip==26.1.1
    # via rag-lib
playwright==1.59.0
    # via
    #   rag-lib
    #   zakupki-crawler
pluggy==1.6.0
    # via pytest
portalocker==3.2.0
    # via qdrant-client
postal @ https://raw.githubusercontent.com/gbvolkov/PalimpsestLib/main/wheels/postal-1.1.11-cp313-cp313-win_amd64.whl ; platform_machine == 'AMD64' and sys_platform == 'win32'
    # via palimpsest
pptree==3.1
    # via flair
preshed==3.0.13
    # via
    #   spacy
    #   thinc
presidio-analyzer==2.2.362
    # via
    #   llm-guard
    #   palimpsest
presidio-anonymizer==2.2.362
    # via
    #   llm-guard
    #   palimpsest
primp==1.2.3
    # via duckduckgo-search
prompt-toolkit==3.0.52
    # via fschat
propcache==0.5.2
    # via
    #   aiohttp
    #   yarl
proto-plus==1.28.0
    # via
    #   google-ai-generativelanguage
    #   google-api-core
    #   google-cloud-vision
protobuf==6.33.0
    # via
    #   bot-platform
    #   fschat
    #   google-ai-generativelanguage
    #   google-api-core
    #   google-cloud-vision
    #   googleapis-common-protos
    #   grpcio-status
    #   onnx
    #   onnxruntime
    #   opentelemetry-proto
    #   proto-plus
    #   qdrant-client
    #   transformers
psutil==7.2.2
    # via
    #   accelerate
    #   peft
    #   unstructured
psycopg==3.3.4
    # via
    #   bot-platform
    #   langchain-postgres
    #   langgraph-checkpoint-postgres
psycopg-binary==3.3.4 ; implementation_name != 'pypy'
    # via psycopg
psycopg-pool==3.3.1
    # via
    #   langchain-postgres
    #   langgraph-checkpoint-postgres
psycopg2-binary==2.9.12
    # via rag-lib
pyasn1==0.6.3
    # via pyasn1-modules
pyasn1-modules==0.4.2
    # via google-auth
pybase64==1.4.3
    # via chromadb
pycairo==1.29.0
    # via rlpycairo
pycparser==3.0 ; implementation_name != 'PyPy' and platform_python_implementation != 'PyPy'
    # via cffi
pydantic==2.13.4
    # via
    #   aiogram
    #   anthropic
    #   assemblyai
    #   bot-platform
    #   chromadb
    #   fastapi
    #   fschat
    #   langchain
    #   langchain-anthropic
    #   langchain-classic
    #   langchain-core
    #   langchain-google-genai
    #   langchain-mistralai
    #   langchain-qdrant
    #   langfuse
    #   langgraph
    #   langsmith
    #   mcp
    #   mistralai
    #   openai
    #   presidio-analyzer
    #   pydantic-settings
    #   qdrant-client
    #   rag-lib
    #   spacy
    #   thinc
    #   unstructured-client
    #   weasel
pydantic-core==2.46.4
    # via pydantic
pydantic-settings==2.14.1
    # via
    #   bot-platform
    #   chromadb
    #   langchain-community
    #   mcp
    #   rag-lib
pydub==0.25.1
    # via bot-platform
pyee==13.0.1
    # via playwright
pygments==2.20.0
    # via
    #   markdown2
    #   pytest
    #   rich
pyhanko==0.35.1
    # via xhtml2pdf
pyhanko-certvalidator==0.31.1
    # via
    #   pyhanko
    #   xhtml2pdf
pyjnius==1.7.0
    # via pyserini
pyjwt==2.12.1
    # via mcp
pymorphy2==0.9.1
    # via
    #   bot-platform
    #   natasha
    #   yargy
pymorphy2-dicts-ru==2.4.417127.4579844
    # via pymorphy2
pymorphy3==2.0.6
    # via
    #   palimpsest
    #   ru-core-news-sm
pymorphy3-dicts-ru==2.4.417150.4580142
    # via
    #   palimpsest
    #   pymorphy3
pymupdf==1.27.2.3
    # via
    #   pymupdf-layout
    #   pymupdf4llm
    #   rag-lib
pymupdf-layout==1.27.2.3
    # via pymupdf4llm
pymupdf4llm==1.27.2.3
    # via rag-lib
pymysql==1.1.3
    # via aiomysql
pynndescent==0.6.0
    # via umap-learn
pyparsing==3.3.2
    # via
    #   httplib2
    #   matplotlib
pypdf==6.11.0
    # via
    #   rag-lib
    #   unstructured
    #   unstructured-client
    #   xhtml2pdf
pypdfium2==5.8.0
    # via
    #   unstructured-client
    #   unstructured-inference
pypika==0.51.1
    # via chromadb
pypostal-multiarch==1.0.3 ; sys_platform == 'linux'
    # via palimpsest
pyproject-hooks==1.2.0
    # via build
pyserini==1.2.0
    # via rank-llm
pysocks==1.7.1
    # via requests
pytest==9.0.3
    # via
    #   bot-platform
    #   rag-lib
python-bidi==0.6.9
    # via xhtml2pdf
python-dateutil==2.9.0.post0
    # via
    #   botocore
    #   dateparser
    #   flair
    #   htmldate
    #   kubernetes
    #   matplotlib
    #   mistralai
    #   pandas
python-docx==1.2.0
    # via
    #   rag-lib
    #   unstructured
python-dotenv==1.1.1
    # via
    #   bot-platform
    #   palimpsest
    #   pydantic-settings
    #   rag-lib
    #   rank-llm
    #   uvicorn
python-iso639==2026.4.20
    # via unstructured
python-magic==0.4.27
    # via unstructured
python-multipart==0.0.28
    # via
    #   mcp
    #   unstructured-inference
python-oxmsg==0.0.2
    # via unstructured
python-pptx==1.0.2
    # via
    #   bot-platform
    #   unstructured
pytorch-revgrad==0.2.0
    # via flair
pytrovich==0.1.0
    # via palimpsest
pytz==2026.2
    # via
    #   dateparser
    #   pandas
pywin32==311 ; sys_platform == 'win32'
    # via
    #   mcp
    #   portalocker
pyyaml==6.0.3
    # via
    #   accelerate
    #   bc-detect-secrets
    #   chromadb
    #   huggingface-hub
    #   kubernetes
    #   langchain-classic
    #   langchain-community
    #   langchain-core
    #   peft
    #   presidio-analyzer
    #   pyhanko
    #   pymupdf-layout
    #   pyserini
    #   timm
    #   transformers
    #   uvicorn
    #   wavedrom
qdrant-client==1.18.0
    # via
    #   langchain-qdrant
    #   rag-lib
rag-lib @ git+https://github.com/gbvolkov/rag-lib.git@c66ff6978383286a2611225ed2abb6e2fced4adc
    # via bot-platform
rank-bm25==0.2.2
    # via
    #   bot-platform
    #   rag-lib
rank-llm==0.21.0
    # via bot-platform
rapidfuzz==3.14.5
    # via
    #   palimpsest
    #   rag-lib
    #   unstructured
    #   unstructured-inference
razdel==0.5.0
    # via
    #   natasha
    #   slovnet
redis==7.4.0
    # via bot-platform
referencing==0.37.0
    # via
    #   jsonschema
    #   jsonschema-specifications
regex==2026.5.9
    # via
    #   dateparser
    #   flair
    #   flowmark
    #   llm-guard
    #   nltk
    #   presidio-analyzer
    #   segtok
    #   tiktoken
    #   transformers
    #   unstructured
reportlab==4.5.1
    # via
    #   svglib
    #   xhtml2pdf
requests==2.34.0
    # via
    #   bc-detect-secrets
    #   bot-platform
    #   fschat
    #   gdown
    #   google-api-core
    #   huggingface-hub
    #   kubernetes
    #   langchain-classic
    #   langchain-community
    #   langfuse
    #   langsmith
    #   opentelemetry-exporter-otlp-proto-http
    #   pyhanko
    #   pyhanko-certvalidator
    #   pyserini
    #   rag-lib
    #   requests-file
    #   requests-oauthlib
    #   requests-toolbelt
    #   spacy
    #   tiktoken
    #   tldextract
    #   transformers
    #   unstructured
    #   wikipedia-api
    #   yandex-chain
requests-file==3.0.1
    # via tldextract
requests-oauthlib==2.0.0
    # via kubernetes
requests-toolbelt==1.0.0
    # via
    #   langsmith
    #   unstructured-client
rich==15.0.0
    # via
    #   chromadb
    #   fschat
    #   typer
rlpycairo==0.4.0
    # via svglib
rpds-py==0.30.0
    # via
    #   jsonschema
    #   referencing
ru-core-news-sm @ https://github.com/explosion/spacy-models/releases/download/ru_core_news_sm-3.8.0/ru_core_news_sm-3.8.0-py3-none-any.whl
    # via bot-platform
s3transfer==0.17.0
    # via boto3
safetensors==0.7.0
    # via
    #   accelerate
    #   peft
    #   timm
    #   transformers
scikit-learn==1.8.0
    # via
    #   bot-platform
    #   flair
    #   pynndescent
    #   pyserini
    #   rag-lib
    #   sentence-transformers
    #   umap-learn
scipy==1.17.1
    # via
    #   pynndescent
    #   pyserini
    #   scikit-learn
    #   sentence-transformers
    #   umap-learn
    #   unstructured-inference
segtok==1.5.11
    # via flair
sentence-transformers==5.5.0
    # via
    #   bot-platform
    #   rag-lib
sentencepiece==0.2.1
    # via
    #   fschat
    #   gliner
    #   pyserini
    #   transformers
setuptools==82.0.1
    # via
    #   pymorphy3
    #   spacy
    #   thinc
    #   torch
shellingham==1.5.4
    # via typer
shortuuid==1.0.13
    # via fschat
six==1.17.0
    # via
    #   html5lib
    #   kubernetes
    #   langdetect
    #   postal
    #   pypostal-multiarch
    #   python-dateutil
    #   transliterate
    #   wavedrom
    #   whisper
slovnet==0.6.0
    # via natasha
smart-open==7.6.1
    # via weasel
sniffio==1.3.1
    # via
    #   anthropic
    #   httpx
    #   openai
sortedcontainers==2.4.0
    # via intervaltree
soupsieve==2.8.3
    # via beautifulsoup4
spacy==3.8.14
    # via
    #   palimpsest
    #   presidio-analyzer
    #   spacy-huggingface-pipelines
    #   unstructured
spacy-huggingface-pipelines==0.0.4
    # via presidio-analyzer
spacy-legacy==3.0.12
    # via spacy
spacy-loggers==1.0.5
    # via spacy
sqlalchemy==2.0.37
    # via
    #   bot-platform
    #   duckdb-engine
    #   langchain-classic
    #   langchain-community
    #   langchain-postgres
sqlite-vec==0.1.9
    # via langgraph-checkpoint-sqlite
sqlitedict==2.1.0
    # via flair
srsly==2.5.3
    # via
    #   spacy
    #   thinc
    #   weasel
sse-starlette==3.0.3
    # via mcp
starlette==0.48.0
    # via
    #   fastapi
    #   mcp
strif==3.0.1
    # via flowmark
structlog==25.5.0
    # via llm-guard
svglib==1.6.0
    # via xhtml2pdf
svgwrite==1.4.3
    # via wavedrom
sympy==1.14.0
    # via torch
tabulate==0.10.0
    # via
    #   flair
    #   pymupdf4llm
    #   rag-lib
telegramify-markdown==0.5.2
    # via bot-platform
tenacity==9.1.4
    # via
    #   chromadb
    #   langchain-community
    #   langchain-core
    #   yandex-chain
thinc==8.3.13
    # via spacy
threadpoolctl==3.6.0
    # via scikit-learn
tiktoken==0.12.0
    # via
    #   fschat
    #   langchain-openai
    #   llm-guard
    #   openai-whisper
    #   pyserini
    #   rank-llm
timm==1.0.27
    # via unstructured-inference
tinycss2==1.5.1
    # via
    #   cssselect2
    #   svglib
tld==0.13.2
    # via courlan
tldextract==5.3.1
    # via presidio-analyzer
tokenizers==0.22.2
    # via
    #   chromadb
    #   langchain-huggingface
    #   langchain-mistralai
    #   transformers
torch==2.9.0
    # via
    #   accelerate
    #   bot-platform
    #   flair
    #   fschat
    #   gliner
    #   llm-guard
    #   openai-whisper
    #   peft
    #   pyserini
    #   pytorch-revgrad
    #   sentence-transformers
    #   spacy-huggingface-pipelines
    #   timm
    #   torchvision
    #   transformer-smaller-training-vocab
    #   transformers
    #   unstructured-inference
torchvision==0.24.0
    # via timm
tqdm==4.67.3
    # via
    #   bioc
    #   chromadb
    #   flair
    #   gdown
    #   gliner
    #   huggingface-hub
    #   nltk
    #   openai
    #   openai-whisper
    #   peft
    #   pyserini
    #   rank-llm
    #   sentence-transformers
    #   spacy
    #   transformers
    #   umap-learn
    #   unstructured
trafilatura==2.0.0
    # via bot-platform
transformer-smaller-training-vocab==0.4.2
    # via flair
transformers==4.57.6
    # via
    #   flair
    #   fschat
    #   gliner
    #   llm-guard
    #   peft
    #   presidio-analyzer
    #   pyserini
    #   rank-llm
    #   sentence-transformers
    #   spacy-huggingface-pipelines
    #   transformer-smaller-training-vocab
    #   unstructured-inference
transliterate==1.10.2
    # via bot-platform
triton==3.5.0 ; (platform_machine == 'x86_64' and sys_platform == 'linux') or sys_platform == 'linux2'
    # via
    #   openai-whisper
    #   torch
typer==0.12.5
    # via
    #   bot-platform
    #   chromadb
    #   spacy
    #   weasel
typing-extensions==4.15.0
    # via
    #   aiogram
    #   anthropic
    #   assemblyai
    #   beautifulsoup4
    #   bot-platform
    #   chromadb
    #   fastapi
    #   flowmark
    #   grpcio
    #   huggingface-hub
    #   langchain-core
    #   langchain-mcp-adapters
    #   langchain-protocol
    #   mcp
    #   onnx
    #   openai
    #   opentelemetry-api
    #   opentelemetry-exporter-otlp-proto-grpc
    #   opentelemetry-exporter-otlp-proto-http
    #   opentelemetry-sdk
    #   opentelemetry-semantic-conventions
    #   psycopg-pool
    #   pydantic
    #   pydantic-core
    #   pyee
    #   python-docx
    #   python-oxmsg
    #   python-pptx
    #   sentence-transformers
    #   sqlalchemy
    #   torch
    #   typer
    #   typing-inspect
    #   typing-inspection
    #   unstructured
typing-inspect==0.9.0
    # via
    #   dataclasses-json
    #   mistralai
typing-inspection==0.4.2
    # via
    #   mcp
    #   pydantic
    #   pydantic-settings
tzdata==2026.2
    # via
    #   faker
    #   pandas
    #   psycopg
    #   tzlocal
tzlocal==5.3.1
    # via
    #   dateparser
    #   pyhanko
umap-learn==0.5.12
    # via rag-lib
unidiff==0.7.5
    # via bc-detect-secrets
unstructured==0.21.5
    # via bot-platform
unstructured-client==0.42.12
    # via unstructured
unstructured-inference==1.2.0
    # via
    #   bot-platform
    #   unstructured
unstructured-pytesseract==0.3.15
    # via unstructured
uritemplate==4.2.0
    # via google-api-python-client
uritools==6.1.0
    # via pyhanko-certvalidator
urllib3==2.7.0
    # via
    #   botocore
    #   courlan
    #   htmldate
    #   kubernetes
    #   qdrant-client
    #   requests
    #   trafilatura
uuid-utils==0.15.0
    # via
    #   langchain-core
    #   langsmith
uvicorn==0.46.0
    # via
    #   chromadb
    #   fschat
    #   mcp
    #   pyserini
uvloop==0.22.1 ; platform_python_implementation != 'PyPy' and sys_platform != 'cygwin' and sys_platform != 'win32'
    # via uvicorn
wasabi==1.1.3
    # via
    #   spacy
    #   thinc
    #   weasel
watchfiles==1.1.1
    # via uvicorn
wavedrom==2.0.3.post3
    # via markdown2
wcmatch==10.1
    # via deepagents
wcwidth==0.7.0
    # via
    #   ftfy
    #   prompt-toolkit
weasel==1.0.0
    # via spacy
webencodings==0.5.1
    # via
    #   cssselect2
    #   html5lib
    #   tinycss2
websocket-client==1.9.0
    # via kubernetes
websockets==16.0
    # via
    #   assemblyai
    #   uvicorn
werkzeug==3.1.8
    # via flask
whisper==1.1.10
    # via bot-platform
wikipedia-api==0.10.0
    # via flair
wrapt==1.17.3
    # via
    #   deprecated
    #   langfuse
    #   smart-open
    #   unstructured
xhtml2pdf==0.2.17
    # via bot-platform
xlrd==2.0.2
    # via unstructured
xlsxwriter==3.2.9
    # via python-pptx
xxhash==3.7.0
    # via
    #   langgraph
    #   langsmith
yandex-chain==0.0.4
    # via rag-lib
yargy==0.16.0
    # via natasha
yarl==1.23.0
    # via aiohttp
zakupki-crawler @ git+https://github.com/gbvolkov/purchase_scraper.git@fdcf227e19f33d6cd09c9930b885161ea1d951a9
    # via bot-platform
zipp==3.23.1
    # via importlib-metadata
zstandard==0.25.0
    # via langsmith
