# Retrieval dependency closure; excludes business-agent packages.
./vendor/llm-guard
aiofiles==25.1.0
aiohappyeyeballs==2.6.1
aiohttp==3.13.5
aiosignal==1.4.0
aiosqlite==0.22.1
annotated-doc==0.0.4
annotated-types==0.7.0
anyio==4.13.0
arabic-reshaper==3.0.1
asn1crypto==1.5.1
asyncpg==0.31.0
attrs==26.1.0
bc-detect-secrets==1.5.43
bcrypt==5.0.0
beautifulsoup4==4.14.3
bioc==2.1
blis==1.3.3
boto3==1.43.6
botocore==1.43.6
build==1.5.0
catalogue==2.0.10
certifi==2026.4.22
cffi==2.0.0 ; platform_python_implementation != 'PyPy'
chardet==7.4.3
charset-normalizer==3.4.7
chromadb==1.5.9
click==8.3.3
cloudpathlib==0.24.0
colorama==0.4.6 ; os_name == 'nt' or sys_platform == 'win32'
confection==1.3.3
conllu==4.5.3
contourpy==1.3.3
cryptography==48.0.0
cssselect2==0.9.0
cycler==0.12.1
cymem==2.0.13
dataclasses-json==0.6.7
dawg-python==0.7.2
dawg2-python==0.9.0
deprecated==1.3.1
distro==1.9.0
docopt==0.6.2
durationpy==0.10
emoji==2.15.0
et-xmlfile==2.0.0
eval-type-backport==0.3.1
faiss-cpu==1.13.2
faker==37.12.0
fastapi==0.120.0
filelock==3.29.0
filetype==1.2.0
flair==0.15.1
flatbuffers==25.12.19
fonttools==4.62.1
freetype-py==2.5.1
frozenlist==1.8.0
fsspec==2026.4.0
ftfy==6.3.1
fuzzysearch==0.8.1
gdown==6.0.0
gliner==0.2.26
googleapis-common-protos==1.75.0
greenlet==3.5.0
grpcio==1.80.0
h11==0.16.0
hf-xet==1.5.0 ; platform_machine == 'aarch64' or platform_machine == 'amd64' or platform_machine == 'arm64' or platform_machine == 'x86_64'
html5lib==1.1
httpcore==1.0.9
httpx==0.27.2
httpx-sse==0.4.3
huggingface-hub==0.36.2
idna==3.15
importlib-metadata==8.7.1
importlib-resources==7.1.0
iniconfig==2.3.0
installer==0.7.0
intervaltree==3.2.1
ipymarkup==0.9.0
jinja2==3.1.6
jiter==0.14.0
jmespath==1.1.0
joblib==1.5.3
json-repair==0.44.1
jsonlines==4.0.0
jsonpatch==1.33
jsonpath-python==1.1.6
jsonpointer==3.1.1
jsonschema==4.26.0
jsonschema-specifications==2025.9.1
kiwisolver==1.5.0
kubernetes==35.0.0
langchain==1.3.0
langchain-chroma==1.1.0
langchain-classic==1.0.7
langchain-community==0.4.1
langchain-core==1.4.0
langchain-huggingface==1.2.2
langchain-mcp-adapters==0.2.2
langchain-mistralai==1.1.4
langchain-openai==1.2.1
langchain-postgres==0.0.17
langchain-protocol==0.0.15
langchain-qdrant==1.1.0
langchain-text-splitters==1.1.2
langdetect==1.0.9
langgraph==1.2.0
langgraph-checkpoint==4.1.0
langgraph-checkpoint-sqlite==3.1.0
langgraph-prebuilt==1.1.0
langgraph-sdk==0.3.14
langsmith==0.8.3
llvmlite==0.47.0
lxml==6.1.0
markdown-it-py==4.2.0
markupsafe==3.0.3
marshmallow==3.26.2
matplotlib==3.10.9
mcp==1.27.1
mdurl==0.1.2
mistletoe==1.4.0
mistralai==1.5.2
mmh3==5.2.1
more-itertools==11.0.2
mpld3==0.5.12
mpmath==1.3.0
multidict==6.7.1
murmurhash==1.0.15
mypy-extensions==1.1.0
natasha==1.6.0
navec==0.10.0
networkx==3.6.1
nltk==3.9.4
numba==0.65.1
numpy==2.3.4
nvidia-cublas-cu12==12.8.4.1 ; platform_machine == 'x86_64' and sys_platform == 'linux'
nvidia-cuda-cupti-cu12==12.8.90 ; platform_machine == 'x86_64' and sys_platform == 'linux'
nvidia-cuda-nvrtc-cu12==12.8.93 ; platform_machine == 'x86_64' and sys_platform == 'linux'
nvidia-cuda-runtime-cu12==12.8.90 ; platform_machine == 'x86_64' and sys_platform == 'linux'
nvidia-cudnn-cu12==9.10.2.21 ; platform_machine == 'x86_64' and sys_platform == 'linux'
nvidia-cufft-cu12==11.3.3.83 ; platform_machine == 'x86_64' and sys_platform == 'linux'
nvidia-cufile-cu12==1.13.1.3 ; platform_machine == 'x86_64' and sys_platform == 'linux'
nvidia-curand-cu12==10.3.9.90 ; platform_machine == 'x86_64' and sys_platform == 'linux'
nvidia-cusolver-cu12==11.7.3.90 ; platform_machine == 'x86_64' and sys_platform == 'linux'
nvidia-cusparse-cu12==12.5.8.93 ; platform_machine == 'x86_64' and sys_platform == 'linux'
nvidia-cusparselt-cu12==0.7.1 ; platform_machine == 'x86_64' and sys_platform == 'linux'
nvidia-nccl-cu12==2.27.5 ; platform_machine == 'x86_64' and sys_platform == 'linux'
nvidia-nvjitlink-cu12==12.8.93 ; platform_machine == 'x86_64' and sys_platform == 'linux'
nvidia-nvshmem-cu12==3.3.20 ; platform_machine == 'x86_64' and sys_platform == 'linux'
nvidia-nvtx-cu12==12.8.90 ; platform_machine == 'x86_64' and sys_platform == 'linux'
oauthlib==3.3.1
olefile==0.47
onnxruntime==1.26.0
openai==2.36.0
openpyxl==3.1.5
opentelemetry-api==1.41.1
opentelemetry-exporter-otlp-proto-common==1.41.1
opentelemetry-exporter-otlp-proto-grpc==1.41.1
opentelemetry-proto==1.41.1
opentelemetry-sdk==1.41.1
opentelemetry-semantic-conventions==0.62b1
orjson==3.11.9
ormsgpack==1.12.2
oscrypto==1.3.0
overrides==7.7.0
packaging==25.0
palimpsest @ git+https://github.com/gbvolkov/PalimpsestLib.git@3a6c3e3beb1eb595b12bfa43db9c8897e5997944
pandas==2.3.3
petrovna==1.0.2
pgvector==0.3.6
phonenumbers==9.0.30
pillow==12.2.0
pip==26.1.1
playwright==1.59.0
pluggy==1.6.0
portalocker==3.2.0
postal @ https://raw.githubusercontent.com/gbvolkov/PalimpsestLib/main/wheels/postal-1.1.11-cp313-cp313-win_amd64.whl ; platform_machine == 'AMD64' and sys_platform == 'win32'
pptree==3.1
preshed==3.0.13
presidio-analyzer==2.2.362
presidio-anonymizer==2.2.362
propcache==0.5.2
protobuf==6.33.0
psutil==7.2.2
psycopg==3.3.4
psycopg-pool==3.3.1
psycopg2-binary==2.9.12
pybase64==1.4.3
pycairo==1.29.0
pycparser==3.0 ; implementation_name != 'PyPy' and platform_python_implementation != 'PyPy'
pydantic==2.13.4
pydantic-core==2.46.4
pydantic-settings==2.14.1
pyee==13.0.1
pygments==2.20.0
pyhanko==0.35.1
pyhanko-certvalidator==0.31.1
pyjwt==2.12.1
pymorphy2==0.9.1
pymorphy2-dicts-ru==2.4.417127.4579844
pymorphy3==2.0.6
pymorphy3-dicts-ru==2.4.417150.4580142
pymupdf==1.27.2.3
pymupdf-layout==1.27.2.3
pymupdf4llm==1.27.2.3
pyparsing==3.3.2
pypdf==6.11.0
pypdfium2==5.8.0
pypika==0.51.1
pypostal-multiarch==1.0.3 ; sys_platform == 'linux'
pyproject-hooks==1.2.0
pytest==9.0.3
python-bidi==0.6.9
python-dateutil==2.9.0.post0
python-docx==1.2.0
python-dotenv==1.1.1
python-iso639==2026.4.20
python-magic==0.4.27
python-multipart==0.0.28
python-oxmsg==0.0.2
pytorch-revgrad==0.2.0
pytrovich==0.1.0
pytz==2026.2
pywin32==311 ; sys_platform == 'win32'
pyyaml==6.0.3
qdrant-client==1.18.0
rag-lib @ git+https://github.com/gbvolkov/rag-lib.git@c66ff6978383286a2611225ed2abb6e2fced4adc
rank-bm25==0.2.2
rapidfuzz==3.14.5
razdel==0.5.0
referencing==0.37.0
regex==2026.5.9
reportlab==4.5.1
requests==2.34.0
requests-file==3.0.1
requests-oauthlib==2.0.0
requests-toolbelt==1.0.0
rich==15.0.0
rlpycairo==0.4.0
rpds-py==0.30.0
s3transfer==0.17.0
safetensors==0.7.0
scikit-learn==1.8.0
scipy==1.17.1
segtok==1.5.11
sentence-transformers==5.5.0
sentencepiece==0.2.1
setuptools==82.0.1
shellingham==1.5.4
six==1.17.0
slovnet==0.6.0
smart-open==7.6.1
sniffio==1.3.1
sortedcontainers==2.4.0
soupsieve==2.8.3
spacy==3.8.14
spacy-legacy==3.0.12
spacy-loggers==1.0.5
sqlalchemy==2.0.37
sqlite-vec==0.1.9
sqlitedict==2.1.0
srsly==2.5.3
sse-starlette==3.0.3
starlette==0.48.0
structlog==25.5.0
svglib==1.6.0
sympy==1.14.0
tabulate==0.10.0
telegramify-markdown==0.5.2
tenacity==9.1.4
thinc==8.3.13
threadpoolctl==3.6.0
tiktoken==0.12.0
tinycss2==1.5.1
tldextract==5.3.1
tokenizers==0.22.2
torch==2.9.0
tqdm==4.67.3
transformer-smaller-training-vocab==0.4.2
transformers==4.57.6
triton==3.5.0 ; (platform_machine == 'x86_64' and sys_platform == 'linux') or sys_platform == 'linux2'
typer==0.12.5
typing-extensions==4.15.0
typing-inspect==0.9.0
typing-inspection==0.4.2
tzdata==2026.2
tzlocal==5.3.1
unidiff==0.7.5
unstructured==0.21.5
unstructured-client==0.42.12
uritools==6.1.0
urllib3==2.7.0
uuid-utils==0.15.0
uvicorn==0.46.0
wasabi==1.1.3
wcwidth==0.7.0
weasel==1.0.0
webencodings==0.5.1
websocket-client==1.9.0
wikipedia-api==0.10.0
wrapt==1.17.3
xhtml2pdf==0.2.17
xxhash==3.7.0
yandex-chain==0.0.4
yargy==0.16.0
yarl==1.23.0
zakupki-crawler @ git+https://github.com/gbvolkov/purchase_scraper.git@fdcf227e19f33d6cd09c9930b885161ea1d951a9
zipp==3.23.1
zstandard==0.25.0
